{
    __meta__ = {
        version = "1.0"
    },
    ["windows|x64"] = {
        ["cmake#f56260b5"] = {
            repo = {
                branch = "master",
                commit = "fdaba24b923a742ad332b1ee8de8047ec7e1f4c0",
                url = "https://gitlab.com/tboox/xmake-repo.git"
            },
            version = "4.2.1"
        },
        ["directxmath#f56260b5"] = {
            repo = {
                branch = "master",
                commit = "fdaba24b923a742ad332b1ee8de8047ec7e1f4c0",
                url = "https://gitlab.com/tboox/xmake-repo.git"
            },
            version = "2024.02"
        },
        ["directxtk#f56260b5"] = {
            repo = {
                branch = "master",
                commit = "fdaba24b923a742ad332b1ee8de8047ec7e1f4c0",
                url = "https://gitlab.com/tboox/xmake-repo.git"
            },
            version = "24.2.0"
        },
        ["exprtk#f56260b5"] = {
            repo = {
                branch = "master",
                commit = "fdaba24b923a742ad332b1ee8de8047ec7e1f4c0",
                url = "https://gitlab.com/tboox/xmake-repo.git"
            },
            version = "0.0.3"
        },
        ["imgui v1.89.6#f56260b5"] = {
            repo = {
                branch = "master",
                commit = "fdaba24b923a742ad332b1ee8de8047ec7e1f4c0",
                url = "https://gitlab.com/tboox/xmake-repo.git"
            },
            version = "v1.89.6"
        },
        ["ninja#f56260b5"] = {
            repo = {
                branch = "master",
                commit = "fdaba24b923a742ad332b1ee8de8047ec7e1f4c0",
                url = "https://gitlab.com/tboox/xmake-repo.git"
            },
            version = "v1.13.1"
        },
        ["rapidcsv#f56260b5"] = {
            repo = {
                branch = "master",
                commit = "fdaba24b923a742ad332b1ee8de8047ec7e1f4c0",
                url = "https://gitlab.com/tboox/xmake-repo.git"
            },
            version = "v8.90"
        },
        ["rapidjson#f56260b5"] = {
            repo = {
                branch = "master",
                commit = "fdaba24b923a742ad332b1ee8de8047ec7e1f4c0",
                url = "https://gitlab.com/tboox/xmake-repo.git"
            },
            version = "2025.02.05"
        },
        ["spdlog#09c8c173"] = {
            repo = {
                branch = "master",
                commit = "fdaba24b923a742ad332b1ee8de8047ec7e1f4c0",
                url = "https://gitlab.com/tboox/xmake-repo.git"
            },
            version = "v1.17.0"
        }
    }
}